{
  "name": "mebeaut",
  "lockfileVersion": 3,
  "requires": true,
  "packages": {
    "": {
      "dependencies": {
        "file64": "^1.0.3"
      }
    },
    "node_modules/file64": {
      "version": "1.0.3",
      "resolved": "https://registry.npmjs.org/file64/-/file64-1.0.3.tgz",
      "integrity": "sha512-XTPmQ/uhnQWw6RgEG1uXhByWRrMZucXGL4fGUB1JVuuwjUUoDEvD5HvGqg7+NiFZ+ymFa36cEaG+v7i2FpThOQ==",
      "engines": {
        "node": ">=18"
      }
    }
  }
}
